
Microsoft Visual Studio Solution File, Format Version 12.00
# Visual Studio Version 17
VisualStudioVersion = 17.11.35327.3
MinimumVisualStudioVersion = 10.0.40219.1
Project("{FAE04EC0-301F-11D3-BF4B-00C04F79EFBC}") = "SudokuSolver", "SudokuSolver\SudokuSolver.csproj", "{24A40DE9-0EEE-4818-BC4E-16A1EF888E3A}"
EndProject
Global
	GlobalSection(SolutionConfigurationPlatforms) = preSolution
		Debug|Any CPU = Debug|Any CPU
		Release|Any CPU = Release|Any CPU
	EndGlobalSection
	GlobalSection(ProjectConfigurationPlatforms) = postSolution
		{24A40DE9-0EEE-4818-BC4E-16A1EF888E3A}.Debug|Any CPU.ActiveCfg = Debug|Any CPU
		{24A40DE9-0EEE-4818-BC4E-16A1EF888E3A}.Debug|Any CPU.Build.0 = Debug|Any CPU
		{24A40DE9-0EEE-4818-BC4E-16A1EF888E3A}.Release|Any CPU.ActiveCfg = Release|Any CPU
		{24A40DE9-0EEE-4818-BC4E-16A1EF888E3A}.Release|Any CPU.Build.0 = Release|Any CPU
	EndGlobalSection
	GlobalSection(SolutionProperties) = preSolution
		HideSolutionNode = FALSE
	EndGlobalSection
	GlobalSection(ExtensibilityGlobals) = postSolution
		SolutionGuid = {11598342-8792-4F92-9B99-BEF0C7DB9A44}
	EndGlobalSection
EndGlobal
